
Microsoft Visual Studio Solution File, Format Version 12.00
# Visual Studio 2012
Project("{FAE04EC0-301F-11D3-BF4B-00C04F79EFBC}") = "ConsoleApplication", "ConsoleApplication\ConsoleApplication.csproj", "{6494FCE9-3A20-441B-95B6-53D3B40AFE77}"
EndProject
Global
	GlobalSection(SolutionConfigurationPlatforms) = preSolution
		Debug|Any CPU = Debug|Any CPU
		Release|Any CPU = Release|Any CPU
	EndGlobalSection
	GlobalSection(ProjectConfigurationPlatforms) = postSolution
		{6494FCE9-3A20-441B-95B6-53D3B40AFE77}.Debug|Any CPU.ActiveCfg = Debug|Any CPU
		{6494FCE9-3A20-441B-95B6-53D3B40AFE77}.Debug|Any CPU.Build.0 = Debug|Any CPU
		{6494FCE9-3A20-441B-95B6-53D3B40AFE77}.Release|Any CPU.ActiveCfg = Release|Any CPU
		{6494FCE9-3A20-441B-95B6-53D3B40AFE77}.Release|Any CPU.Build.0 = Release|Any CPU
	EndGlobalSection
	GlobalSection(SolutionProperties) = preSolution
		HideSolutionNode = FALSE
	EndGlobalSection
EndGlobal
